
Microsoft Visual Studio Solution File, Format Version 12.00
# Visual Studio 15
VisualStudioVersion = 15.0.26730.10
MinimumVisualStudioVersion = 10.0.40219.1

Project("{D954291E-2A0B-460D-934E-DC6B0785DB48}") = "EmpleadosApp", "EmpleadosApp\EmpleadosApp\EmpleadosApp.shproj", "{0A9B54C9-288C-433E-B604-973567C88BE3}"
EndProject


Project("{FAE04EC0-301F-11D3-BF4B-00C04F79EFBC}") = "EmpleadosApp.iOS", "EmpleadosApp\EmpleadosApp.iOS\EmpleadosApp.iOS.csproj", "{D1CFEB22-E791-47F4-BE84-BF9A7663EDCA}"
EndProject

Project("{FAE04EC0-301F-11D3-BF4B-00C04F79EFBC}") = "EmpleadosApp.Android", "EmpleadosApp\EmpleadosApp.Android\EmpleadosApp.Android.csproj", "{D7F88100-EBF4-44FD-85A0-C18C7B5CE1A7}"
EndProject



Global
	GlobalSection(SolutionConfigurationPlatforms) = preSolution
		Ad-Hoc|Any CPU = Ad-Hoc|Any CPU
		Ad-Hoc|ARM = Ad-Hoc|ARM
		Ad-Hoc|iPhone = Ad-Hoc|iPhone
		Ad-Hoc|iPhoneSimulator = Ad-Hoc|iPhoneSimulator
		Ad-Hoc|x64 = Ad-Hoc|x64
		Ad-Hoc|x86 = Ad-Hoc|x86
		AppStore|Any CPU = AppStore|Any CPU
		AppStore|ARM = AppStore|ARM
		AppStore|iPhone = AppStore|iPhone
		AppStore|iPhoneSimulator = AppStore|iPhoneSimulator
		AppStore|x64 = AppStore|x64
		AppStore|x86 = AppStore|x86
		Debug|Any CPU = Debug|Any CPU
		Debug|ARM = Debug|ARM
		Debug|iPhone = Debug|iPhone
		Debug|iPhoneSimulator = Debug|iPhoneSimulator
		Debug|x64 = Debug|x64
		Debug|x86 = Debug|x86
		Release|Any CPU = Release|Any CPU
		Release|ARM = Release|ARM
		Release|iPhone = Release|iPhone
		Release|iPhoneSimulator = Release|iPhoneSimulator
		Release|x64 = Release|x64
		Release|x86 = Release|x86
	EndGlobalSection
	GlobalSection(ProjectConfigurationPlatforms) = postSolution
		{F183F5E8-93CE-4DBC-958F-3671C362FCFA}.Ad-Hoc|Any CPU.ActiveCfg = Debug|Any CPU
		{F183F5E8-93CE-4DBC-958F-3671C362FCFA}.Ad-Hoc|Any CPU.Build.0 = Debug|Any CPU
		{F183F5E8-93CE-4DBC-958F-3671C362FCFA}.Ad-Hoc|ARM.ActiveCfg = Debug|Any CPU
		{F183F5E8-93CE-4DBC-958F-3671C362FCFA}.Ad-Hoc|ARM.Build.0 = Debug|Any CPU
		{F183F5E8-93CE-4DBC-958F-3671C362FCFA}.Ad-Hoc|iPhone.ActiveCfg = Debug|Any CPU
		{F183F5E8-93CE-4DBC-958F-3671C362FCFA}.Ad-Hoc|iPhone.Build.0 = Debug|Any CPU
		{F183F5E8-93CE-4DBC-958F-3671C362FCFA}.Ad-Hoc|iPhoneSimulator.ActiveCfg = Debug|Any CPU
		{F183F5E8-93CE-4DBC-958F-3671C362FCFA}.Ad-Hoc|iPhoneSimulator.Build.0 = Debug|Any CPU
		{F183F5E8-93CE-4DBC-958F-3671C362FCFA}.Ad-Hoc|x64.ActiveCfg = Debug|Any CPU
		{F183F5E8-93CE-4DBC-958F-3671C362FCFA}.Ad-Hoc|x64.Build.0 = Debug|Any CPU
		{F183F5E8-93CE-4DBC-958F-3671C362FCFA}.Ad-Hoc|x86.ActiveCfg = Debug|Any CPU
		{F183F5E8-93CE-4DBC-958F-3671C362FCFA}.Ad-Hoc|x86.Build.0 = Debug|Any CPU
		{F183F5E8-93CE-4DBC-958F-3671C362FCFA}.AppStore|Any CPU.ActiveCfg = Debug|Any CPU
		{F183F5E8-93CE-4DBC-958F-3671C362FCFA}.AppStore|Any CPU.Build.0 = Debug|Any CPU
		{F183F5E8-93CE-4DBC-958F-3671C362FCFA}.AppStore|ARM.ActiveCfg = Debug|Any CPU
		{F183F5E8-93CE-4DBC-958F-3671C362FCFA}.AppStore|ARM.Build.0 = Debug|Any CPU
		{F183F5E8-93CE-4DBC-958F-3671C362FCFA}.AppStore|iPhone.ActiveCfg = Debug|Any CPU
		{F183F5E8-93CE-4DBC-958F-3671C362FCFA}.AppStore|iPhone.Build.0 = Debug|Any CPU
		{F183F5E8-93CE-4DBC-958F-3671C362FCFA}.AppStore|iPhoneSimulator.ActiveCfg = Debug|Any CPU
		{F183F5E8-93CE-4DBC-958F-3671C362FCFA}.AppStore|iPhoneSimulator.Build.0 = Debug|Any CPU
		{F183F5E8-93CE-4DBC-958F-3671C362FCFA}.AppStore|x64.ActiveCfg = Debug|Any CPU
		{F183F5E8-93CE-4DBC-958F-3671C362FCFA}.AppStore|x64.Build.0 = Debug|Any CPU
		{F183F5E8-93CE-4DBC-958F-3671C362FCFA}.AppStore|x86.ActiveCfg = Debug|Any CPU
		{F183F5E8-93CE-4DBC-958F-3671C362FCFA}.AppStore|x86.Build.0 = Debug|Any CPU
		{F183F5E8-93CE-4DBC-958F-3671C362FCFA}.Debug|Any CPU.ActiveCfg = Debug|Any CPU
		{F183F5E8-93CE-4DBC-958F-3671C362FCFA}.Debug|Any CPU.Build.0 = Debug|Any CPU
		{F183F5E8-93CE-4DBC-958F-3671C362FCFA}.Debug|ARM.ActiveCfg = Debug|Any CPU
		{F183F5E8-93CE-4DBC-958F-3671C362FCFA}.Debug|ARM.Build.0 = Debug|Any CPU
		{F183F5E8-93CE-4DBC-958F-3671C362FCFA}.Debug|iPhone.ActiveCfg = Debug|Any CPU
		{F183F5E8-93CE-4DBC-958F-3671C362FCFA}.Debug|iPhone.Build.0 = Debug|Any CPU
		{F183F5E8-93CE-4DBC-958F-3671C362FCFA}.Debug|iPhoneSimulator.ActiveCfg = Debug|Any CPU
		{F183F5E8-93CE-4DBC-958F-3671C362FCFA}.Debug|iPhoneSimulator.Build.0 = Debug|Any CPU
		{F183F5E8-93CE-4DBC-958F-3671C362FCFA}.Debug|x64.ActiveCfg = Debug|Any CPU
		{F183F5E8-93CE-4DBC-958F-3671C362FCFA}.Debug|x64.Build.0 = Debug|Any CPU
		{F183F5E8-93CE-4DBC-958F-3671C362FCFA}.Debug|x86.ActiveCfg = Debug|Any CPU
		{F183F5E8-93CE-4DBC-958F-3671C362FCFA}.Debug|x86.Build.0 = Debug|Any CPU
		{F183F5E8-93CE-4DBC-958F-3671C362FCFA}.Release|Any CPU.ActiveCfg = Release|Any CPU
		{F183F5E8-93CE-4DBC-958F-3671C362FCFA}.Release|Any CPU.Build.0 = Release|Any CPU
		{F183F5E8-93CE-4DBC-958F-3671C362FCFA}.Release|ARM.ActiveCfg = Release|Any CPU
		{F183F5E8-93CE-4DBC-958F-3671C362FCFA}.Release|ARM.Build.0 = Release|Any CPU
		{F183F5E8-93CE-4DBC-958F-3671C362FCFA}.Release|iPhone.ActiveCfg = Release|Any CPU
		{F183F5E8-93CE-4DBC-958F-3671C362FCFA}.Release|iPhone.Build.0 = Release|Any CPU
		{F183F5E8-93CE-4DBC-958F-3671C362FCFA}.Release|iPhoneSimulator.ActiveCfg = Release|Any CPU
		{F183F5E8-93CE-4DBC-958F-3671C362FCFA}.Release|iPhoneSimulator.Build.0 = Release|Any CPU
		{F183F5E8-93CE-4DBC-958F-3671C362FCFA}.Release|x64.ActiveCfg = Release|Any CPU
		{F183F5E8-93CE-4DBC-958F-3671C362FCFA}.Release|x64.Build.0 = Release|Any CPU
		{F183F5E8-93CE-4DBC-958F-3671C362FCFA}.Release|x86.ActiveCfg = Release|Any CPU
		{F183F5E8-93CE-4DBC-958F-3671C362FCFA}.Release|x86.Build.0 = Release|Any CPU
		{D1CFEB22-E791-47F4-BE84-BF9A7663EDCA}.Ad-Hoc|Any CPU.ActiveCfg = Ad-Hoc|iPhone
		{D1CFEB22-E791-47F4-BE84-BF9A7663EDCA}.Ad-Hoc|ARM.ActiveCfg = Ad-Hoc|iPhone
		{D1CFEB22-E791-47F4-BE84-BF9A7663EDCA}.Ad-Hoc|iPhone.ActiveCfg = Ad-Hoc|iPhone
		{D1CFEB22-E791-47F4-BE84-BF9A7663EDCA}.Ad-Hoc|iPhone.Build.0 = Ad-Hoc|iPhone
		{D1CFEB22-E791-47F4-BE84-BF9A7663EDCA}.Ad-Hoc|iPhoneSimulator.ActiveCfg = Ad-Hoc|iPhoneSimulator
		{D1CFEB22-E791-47F4-BE84-BF9A7663EDCA}.Ad-Hoc|iPhoneSimulator.Build.0 = Ad-Hoc|iPhoneSimulator
		{D1CFEB22-E791-47F4-BE84-BF9A7663EDCA}.Ad-Hoc|x64.ActiveCfg = Ad-Hoc|iPhone
		{D1CFEB22-E791-47F4-BE84-BF9A7663EDCA}.Ad-Hoc|x86.ActiveCfg = Ad-Hoc|iPhone
		{D1CFEB22-E791-47F4-BE84-BF9A7663EDCA}.AppStore|Any CPU.ActiveCfg = AppStore|iPhone
		{D1CFEB22-E791-47F4-BE84-BF9A7663EDCA}.AppStore|ARM.ActiveCfg = AppStore|iPhone
		{D1CFEB22-E791-47F4-BE84-BF9A7663EDCA}.AppStore|iPhone.ActiveCfg = AppStore|iPhone
		{D1CFEB22-E791-47F4-BE84-BF9A7663EDCA}.AppStore|iPhone.Build.0 = AppStore|iPhone
		{D1CFEB22-E791-47F4-BE84-BF9A7663EDCA}.AppStore|iPhoneSimulator.ActiveCfg = AppStore|iPhoneSimulator
		{D1CFEB22-E791-47F4-BE84-BF9A7663EDCA}.AppStore|iPhoneSimulator.Build.0 = AppStore|iPhoneSimulator
		{D1CFEB22-E791-47F4-BE84-BF9A7663EDCA}.AppStore|x64.ActiveCfg = AppStore|iPhone
		{D1CFEB22-E791-47F4-BE84-BF9A7663EDCA}.AppStore|x86.ActiveCfg = AppStore|iPhone
		{D1CFEB22-E791-47F4-BE84-BF9A7663EDCA}.Debug|Any CPU.ActiveCfg = Debug|iPhone
		{D1CFEB22-E791-47F4-BE84-BF9A7663EDCA}.Debug|ARM.ActiveCfg = Debug|iPhone
		{D1CFEB22-E791-47F4-BE84-BF9A7663EDCA}.Debug|iPhone.ActiveCfg = Debug|iPhone
		{D1CFEB22-E791-47F4-BE84-BF9A7663EDCA}.Debug|iPhone.Build.0 = Debug|iPhone
		{D1CFEB22-E791-47F4-BE84-BF9A7663EDCA}.Debug|iPhoneSimulator.ActiveCfg = Debug|iPhoneSimulator
		{D1CFEB22-E791-47F4-BE84-BF9A7663EDCA}.Debug|iPhoneSimulator.Build.0 = Debug|iPhoneSimulator
		{D1CFEB22-E791-47F4-BE84-BF9A7663EDCA}.Debug|x64.ActiveCfg = Debug|iPhone
		{D1CFEB22-E791-47F4-BE84-BF9A7663EDCA}.Debug|x86.ActiveCfg = Debug|iPhone
		{D1CFEB22-E791-47F4-BE84-BF9A7663EDCA}.Release|Any CPU.ActiveCfg = Release|iPhone
		{D1CFEB22-E791-47F4-BE84-BF9A7663EDCA}.Release|ARM.ActiveCfg = Release|iPhone
		{D1CFEB22-E791-47F4-BE84-BF9A7663EDCA}.Release|iPhone.ActiveCfg = Release|iPhone
		{D1CFEB22-E791-47F4-BE84-BF9A7663EDCA}.Release|iPhone.Build.0 = Release|iPhone
		{D1CFEB22-E791-47F4-BE84-BF9A7663EDCA}.Release|iPhoneSimulator.ActiveCfg = Release|iPhoneSimulator
		{D1CFEB22-E791-47F4-BE84-BF9A7663EDCA}.Release|iPhoneSimulator.Build.0 = Release|iPhoneSimulator
		{D1CFEB22-E791-47F4-BE84-BF9A7663EDCA}.Release|x64.ActiveCfg = Release|iPhone
		{D1CFEB22-E791-47F4-BE84-BF9A7663EDCA}.Release|x86.ActiveCfg = Release|iPhone
		{D7F88100-EBF4-44FD-85A0-C18C7B5CE1A7}.Ad-Hoc|Any CPU.ActiveCfg = Release|Any CPU
		{D7F88100-EBF4-44FD-85A0-C18C7B5CE1A7}.Ad-Hoc|Any CPU.Build.0 = Release|Any CPU
		{D7F88100-EBF4-44FD-85A0-C18C7B5CE1A7}.Ad-Hoc|Any CPU.Deploy.0 = Release|Any CPU
		{D7F88100-EBF4-44FD-85A0-C18C7B5CE1A7}.Ad-Hoc|ARM.ActiveCfg = Release|Any CPU
		{D7F88100-EBF4-44FD-85A0-C18C7B5CE1A7}.Ad-Hoc|ARM.Build.0 = Release|Any CPU
		{D7F88100-EBF4-44FD-85A0-C18C7B5CE1A7}.Ad-Hoc|ARM.Deploy.0 = Release|Any CPU
		{D7F88100-EBF4-44FD-85A0-C18C7B5CE1A7}.Ad-Hoc|iPhone.ActiveCfg = Release|Any CPU
		{D7F88100-EBF4-44FD-85A0-C18C7B5CE1A7}.Ad-Hoc|iPhone.Build.0 = Release|Any CPU
		{D7F88100-EBF4-44FD-85A0-C18C7B5CE1A7}.Ad-Hoc|iPhone.Deploy.0 = Release|Any CPU
		{D7F88100-EBF4-44FD-85A0-C18C7B5CE1A7}.Ad-Hoc|iPhoneSimulator.ActiveCfg = Release|Any CPU
		{D7F88100-EBF4-44FD-85A0-C18C7B5CE1A7}.Ad-Hoc|iPhoneSimulator.Build.0 = Release|Any CPU
		{D7F88100-EBF4-44FD-85A0-C18C7B5CE1A7}.Ad-Hoc|iPhoneSimulator.Deploy.0 = Release|Any CPU
		{D7F88100-EBF4-44FD-85A0-C18C7B5CE1A7}.Ad-Hoc|x64.ActiveCfg = Release|Any CPU
		{D7F88100-EBF4-44FD-85A0-C18C7B5CE1A7}.Ad-Hoc|x64.Build.0 = Release|Any CPU
		{D7F88100-EBF4-44FD-85A0-C18C7B5CE1A7}.Ad-Hoc|x64.Deploy.0 = Release|Any CPU
		{D7F88100-EBF4-44FD-85A0-C18C7B5CE1A7}.Ad-Hoc|x86.ActiveCfg = Release|Any CPU
		{D7F88100-EBF4-44FD-85A0-C18C7B5CE1A7}.Ad-Hoc|x86.Build.0 = Release|Any CPU
		{D7F88100-EBF4-44FD-85A0-C18C7B5CE1A7}.Ad-Hoc|x86.Deploy.0 = Release|Any CPU
		{D7F88100-EBF4-44FD-85A0-C18C7B5CE1A7}.AppStore|Any CPU.ActiveCfg = Release|Any CPU
		{D7F88100-EBF4-44FD-85A0-C18C7B5CE1A7}.AppStore|Any CPU.Build.0 = Release|Any CPU
		{D7F88100-EBF4-44FD-85A0-C18C7B5CE1A7}.AppStore|Any CPU.Deploy.0 = Release|Any CPU
		{D7F88100-EBF4-44FD-85A0-C18C7B5CE1A7}.AppStore|ARM.ActiveCfg = Release|Any CPU
		{D7F88100-EBF4-44FD-85A0-C18C7B5CE1A7}.AppStore|ARM.Build.0 = Release|Any CPU
		{D7F88100-EBF4-44FD-85A0-C18C7B5CE1A7}.AppStore|ARM.Deploy.0 = Release|Any CPU
		{D7F88100-EBF4-44FD-85A0-C18C7B5CE1A7}.AppStore|iPhone.ActiveCfg = Release|Any CPU
		{D7F88100-EBF4-44FD-85A0-C18C7B5CE1A7}.AppStore|iPhone.Build.0 = Release|Any CPU
		{D7F88100-EBF4-44FD-85A0-C18C7B5CE1A7}.AppStore|iPhone.Deploy.0 = Release|Any CPU
		{D7F88100-EBF4-44FD-85A0-C18C7B5CE1A7}.AppStore|iPhoneSimulator.ActiveCfg = Release|Any CPU
		{D7F88100-EBF4-44FD-85A0-C18C7B5CE1A7}.AppStore|iPhoneSimulator.Build.0 = Release|Any CPU
		{D7F88100-EBF4-44FD-85A0-C18C7B5CE1A7}.AppStore|iPhoneSimulator.Deploy.0 = Release|Any CPU
		{D7F88100-EBF4-44FD-85A0-C18C7B5CE1A7}.AppStore|x64.ActiveCfg = Release|Any CPU
		{D7F88100-EBF4-44FD-85A0-C18C7B5CE1A7}.AppStore|x64.Build.0 = Release|Any CPU
		{D7F88100-EBF4-44FD-85A0-C18C7B5CE1A7}.AppStore|x64.Deploy.0 = Release|Any CPU
		{D7F88100-EBF4-44FD-85A0-C18C7B5CE1A7}.AppStore|x86.ActiveCfg = Release|Any CPU
		{D7F88100-EBF4-44FD-85A0-C18C7B5CE1A7}.AppStore|x86.Build.0 = Release|Any CPU
		{D7F88100-EBF4-44FD-85A0-C18C7B5CE1A7}.AppStore|x86.Deploy.0 = Release|Any CPU
		{D7F88100-EBF4-44FD-85A0-C18C7B5CE1A7}.Debug|Any CPU.ActiveCfg = Debug|Any CPU
		{D7F88100-EBF4-44FD-85A0-C18C7B5CE1A7}.Debug|Any CPU.Build.0 = Debug|Any CPU
		{D7F88100-EBF4-44FD-85A0-C18C7B5CE1A7}.Debug|Any CPU.Deploy.0 = Debug|Any CPU
		{D7F88100-EBF4-44FD-85A0-C18C7B5CE1A7}.Debug|ARM.ActiveCfg = Debug|Any CPU
		{D7F88100-EBF4-44FD-85A0-C18C7B5CE1A7}.Debug|ARM.Build.0 = Debug|Any CPU
		{D7F88100-EBF4-44FD-85A0-C18C7B5CE1A7}.Debug|ARM.Deploy.0 = Debug|Any CPU
		{D7F88100-EBF4-44FD-85A0-C18C7B5CE1A7}.Debug|iPhone.ActiveCfg = Debug|Any CPU
		{D7F88100-EBF4-44FD-85A0-C18C7B5CE1A7}.Debug|iPhone.Build.0 = Debug|Any CPU
		{D7F88100-EBF4-44FD-85A0-C18C7B5CE1A7}.Debug|iPhone.Deploy.0 = Debug|Any CPU
		{D7F88100-EBF4-44FD-85A0-C18C7B5CE1A7}.Debug|iPhoneSimulator.ActiveCfg = Debug|Any CPU
		{D7F88100-EBF4-44FD-85A0-C18C7B5CE1A7}.Debug|iPhoneSimulator.Build.0 = Debug|Any CPU
		{D7F88100-EBF4-44FD-85A0-C18C7B5CE1A7}.Debug|iPhoneSimulator.Deploy.0 = Debug|Any CPU
		{D7F88100-EBF4-44FD-85A0-C18C7B5CE1A7}.Debug|x64.ActiveCfg = Debug|Any CPU
		{D7F88100-EBF4-44FD-85A0-C18C7B5CE1A7}.Debug|x64.Build.0 = Debug|Any CPU
		{D7F88100-EBF4-44FD-85A0-C18C7B5CE1A7}.Debug|x64.Deploy.0 = Debug|Any CPU
		{D7F88100-EBF4-44FD-85A0-C18C7B5CE1A7}.Debug|x86.ActiveCfg = Debug|Any CPU
		{D7F88100-EBF4-44FD-85A0-C18C7B5CE1A7}.Debug|x86.Build.0 = Debug|Any CPU
		{D7F88100-EBF4-44FD-85A0-C18C7B5CE1A7}.Debug|x86.Deploy.0 = Debug|Any CPU
		{D7F88100-EBF4-44FD-85A0-C18C7B5CE1A7}.Release|Any CPU.ActiveCfg = Release|Any CPU
		{D7F88100-EBF4-44FD-85A0-C18C7B5CE1A7}.Release|Any CPU.Build.0 = Release|Any CPU
		{D7F88100-EBF4-44FD-85A0-C18C7B5CE1A7}.Release|Any CPU.Deploy.0 = Release|Any CPU
		{D7F88100-EBF4-44FD-85A0-C18C7B5CE1A7}.Release|ARM.ActiveCfg = Release|Any CPU
		{D7F88100-EBF4-44FD-85A0-C18C7B5CE1A7}.Release|ARM.Build.0 = Release|Any CPU
		{D7F88100-EBF4-44FD-85A0-C18C7B5CE1A7}.Release|ARM.Deploy.0 = Release|Any CPU
		{D7F88100-EBF4-44FD-85A0-C18C7B5CE1A7}.Release|iPhone.ActiveCfg = Release|Any CPU
		{D7F88100-EBF4-44FD-85A0-C18C7B5CE1A7}.Release|iPhone.Build.0 = Release|Any CPU
		{D7F88100-EBF4-44FD-85A0-C18C7B5CE1A7}.Release|iPhone.Deploy.0 = Release|Any CPU
		{D7F88100-EBF4-44FD-85A0-C18C7B5CE1A7}.Release|iPhoneSimulator.ActiveCfg = Release|Any CPU
		{D7F88100-EBF4-44FD-85A0-C18C7B5CE1A7}.Release|iPhoneSimulator.Build.0 = Release|Any CPU
		{D7F88100-EBF4-44FD-85A0-C18C7B5CE1A7}.Release|iPhoneSimulator.Deploy.0 = Release|Any CPU
		{D7F88100-EBF4-44FD-85A0-C18C7B5CE1A7}.Release|x64.ActiveCfg = Release|Any CPU
		{D7F88100-EBF4-44FD-85A0-C18C7B5CE1A7}.Release|x64.Build.0 = Release|Any CPU
		{D7F88100-EBF4-44FD-85A0-C18C7B5CE1A7}.Release|x64.Deploy.0 = Release|Any CPU
		{D7F88100-EBF4-44FD-85A0-C18C7B5CE1A7}.Release|x86.ActiveCfg = Release|Any CPU
		{D7F88100-EBF4-44FD-85A0-C18C7B5CE1A7}.Release|x86.Build.0 = Release|Any CPU
		{D7F88100-EBF4-44FD-85A0-C18C7B5CE1A7}.Release|x86.Deploy.0 = Release|Any CPU
		{81399D02-0091-4509-8D7C-0F28CA32D247}.Ad-Hoc|Any CPU.ActiveCfg = Release|x86
		{81399D02-0091-4509-8D7C-0F28CA32D247}.Ad-Hoc|Any CPU.Build.0 = Release|x86
		{81399D02-0091-4509-8D7C-0F28CA32D247}.Ad-Hoc|Any CPU.Deploy.0 = Release|x86
		{81399D02-0091-4509-8D7C-0F28CA32D247}.Ad-Hoc|ARM.ActiveCfg = Release|ARM
		{81399D02-0091-4509-8D7C-0F28CA32D247}.Ad-Hoc|ARM.Build.0 = Release|ARM
		{81399D02-0091-4509-8D7C-0F28CA32D247}.Ad-Hoc|ARM.Deploy.0 = Release|ARM
		{81399D02-0091-4509-8D7C-0F28CA32D247}.Ad-Hoc|iPhone.ActiveCfg = Release|x86
		{81399D02-0091-4509-8D7C-0F28CA32D247}.Ad-Hoc|iPhone.Build.0 = Release|x86
		{81399D02-0091-4509-8D7C-0F28CA32D247}.Ad-Hoc|iPhone.Deploy.0 = Release|x86
		{81399D02-0091-4509-8D7C-0F28CA32D247}.Ad-Hoc|iPhoneSimulator.ActiveCfg = Release|x86
		{81399D02-0091-4509-8D7C-0F28CA32D247}.Ad-Hoc|iPhoneSimulator.Build.0 = Release|x86
		{81399D02-0091-4509-8D7C-0F28CA32D247}.Ad-Hoc|iPhoneSimulator.Deploy.0 = Release|x86
		{81399D02-0091-4509-8D7C-0F28CA32D247}.Ad-Hoc|x64.ActiveCfg = Release|x64
		{81399D02-0091-4509-8D7C-0F28CA32D247}.Ad-Hoc|x64.Build.0 = Release|x64
		{81399D02-0091-4509-8D7C-0F28CA32D247}.Ad-Hoc|x64.Deploy.0 = Release|x64
		{81399D02-0091-4509-8D7C-0F28CA32D247}.Ad-Hoc|x86.ActiveCfg = Release|x86
		{81399D02-0091-4509-8D7C-0F28CA32D247}.Ad-Hoc|x86.Build.0 = Release|x86
		{81399D02-0091-4509-8D7C-0F28CA32D247}.Ad-Hoc|x86.Deploy.0 = Release|x86
		{81399D02-0091-4509-8D7C-0F28CA32D247}.AppStore|Any CPU.ActiveCfg = Release|x86
		{81399D02-0091-4509-8D7C-0F28CA32D247}.AppStore|Any CPU.Build.0 = Release|x86
		{81399D02-0091-4509-8D7C-0F28CA32D247}.AppStore|Any CPU.Deploy.0 = Release|x86
		{81399D02-0091-4509-8D7C-0F28CA32D247}.AppStore|ARM.ActiveCfg = Release|ARM
		{81399D02-0091-4509-8D7C-0F28CA32D247}.AppStore|ARM.Build.0 = Release|ARM
		{81399D02-0091-4509-8D7C-0F28CA32D247}.AppStore|ARM.Deploy.0 = Release|ARM
		{81399D02-0091-4509-8D7C-0F28CA32D247}.AppStore|iPhone.ActiveCfg = Release|x86
		{81399D02-0091-4509-8D7C-0F28CA32D247}.AppStore|iPhone.Build.0 = Release|x86
		{81399D02-0091-4509-8D7C-0F28CA32D247}.AppStore|iPhone.Deploy.0 = Release|x86
		{81399D02-0091-4509-8D7C-0F28CA32D247}.AppStore|iPhoneSimulator.ActiveCfg = Release|x86
		{81399D02-0091-4509-8D7C-0F28CA32D247}.AppStore|iPhoneSimulator.Build.0 = Release|x86
		{81399D02-0091-4509-8D7C-0F28CA32D247}.AppStore|iPhoneSimulator.Deploy.0 = Release|x86
		{81399D02-0091-4509-8D7C-0F28CA32D247}.AppStore|x64.ActiveCfg = Release|x64
		{81399D02-0091-4509-8D7C-0F28CA32D247}.AppStore|x64.Build.0 = Release|x64
		{81399D02-0091-4509-8D7C-0F28CA32D247}.AppStore|x64.Deploy.0 = Release|x64
		{81399D02-0091-4509-8D7C-0F28CA32D247}.AppStore|x86.ActiveCfg = Release|x86
		{81399D02-0091-4509-8D7C-0F28CA32D247}.AppStore|x86.Build.0 = Release|x86
		{81399D02-0091-4509-8D7C-0F28CA32D247}.AppStore|x86.Deploy.0 = Release|x86
		{81399D02-0091-4509-8D7C-0F28CA32D247}.Debug|Any CPU.ActiveCfg = Debug|x86
		{81399D02-0091-4509-8D7C-0F28CA32D247}.Debug|ARM.ActiveCfg = Debug|ARM
		{81399D02-0091-4509-8D7C-0F28CA32D247}.Debug|ARM.Build.0 = Debug|ARM
		{81399D02-0091-4509-8D7C-0F28CA32D247}.Debug|ARM.Deploy.0 = Debug|ARM
		{81399D02-0091-4509-8D7C-0F28CA32D247}.Debug|iPhone.ActiveCfg = Debug|x86
		{81399D02-0091-4509-8D7C-0F28CA32D247}.Debug|iPhoneSimulator.ActiveCfg = Debug|x86
		{81399D02-0091-4509-8D7C-0F28CA32D247}.Debug|x64.ActiveCfg = Debug|x64
		{81399D02-0091-4509-8D7C-0F28CA32D247}.Debug|x64.Build.0 = Debug|x64
		{81399D02-0091-4509-8D7C-0F28CA32D247}.Debug|x64.Deploy.0 = Debug|x64
		{81399D02-0091-4509-8D7C-0F28CA32D247}.Debug|x86.ActiveCfg = Debug|x86
		{81399D02-0091-4509-8D7C-0F28CA32D247}.Debug|x86.Build.0 = Debug|x86
		{81399D02-0091-4509-8D7C-0F28CA32D247}.Debug|x86.Deploy.0 = Debug|x86
		{81399D02-0091-4509-8D7C-0F28CA32D247}.Release|Any CPU.ActiveCfg = Release|x86
		{81399D02-0091-4509-8D7C-0F28CA32D247}.Release|ARM.ActiveCfg = Release|ARM
		{81399D02-0091-4509-8D7C-0F28CA32D247}.Release|ARM.Build.0 = Release|ARM
		{81399D02-0091-4509-8D7C-0F28CA32D247}.Release|ARM.Deploy.0 = Release|ARM
		{81399D02-0091-4509-8D7C-0F28CA32D247}.Release|iPhone.ActiveCfg = Release|x86
		{81399D02-0091-4509-8D7C-0F28CA32D247}.Release|iPhoneSimulator.ActiveCfg = Release|x86
		{81399D02-0091-4509-8D7C-0F28CA32D247}.Release|x64.ActiveCfg = Release|x64
		{81399D02-0091-4509-8D7C-0F28CA32D247}.Release|x64.Build.0 = Release|x64
		{81399D02-0091-4509-8D7C-0F28CA32D247}.Release|x64.Deploy.0 = Release|x64
		{81399D02-0091-4509-8D7C-0F28CA32D247}.Release|x86.ActiveCfg = Release|x86
		{81399D02-0091-4509-8D7C-0F28CA32D247}.Release|x86.Build.0 = Release|x86
		{81399D02-0091-4509-8D7C-0F28CA32D247}.Release|x86.Deploy.0 = Release|x86
	EndGlobalSection
	GlobalSection(SolutionProperties) = preSolution
		HideSolutionNode = FALSE
	EndGlobalSection
	GlobalSection(ExtensibilityGlobals) = postSolution
		SolutionGuid = {F6D05029-56B8-4E45-AF2D-0E76295DDBA2}
	EndGlobalSection
EndGlobal
