
Microsoft Visual Studio Solution File, Format Version 12.00
# Visual Studio 15
VisualStudioVersion = 15.0.27130.2036
MinimumVisualStudioVersion = 10.0.40219.1
Project("{9A19103F-16F7-4668-BE54-9A1E7A4F7556}") = "EnviosService", "EnviosService\EnviosService.csproj", "{08566E05-2CC5-46F4-9CE7-F3D27D26047A}"
EndProject
Project("{FAE04EC0-301F-11D3-BF4B-00C04F79EFBC}") = "Logica", "Logica\Logica.csproj", "{6FDA97AE-5ACD-46AE-8948-5693A4D75E92}"
EndProject
Project("{FAE04EC0-301F-11D3-BF4B-00C04F79EFBC}") = "Persistencia", "Persistencia\Persistencia.csproj", "{A6CF4DA4-039A-42B9-AB12-A8D0A0D842DE}"
EndProject
Project("{FAE04EC0-301F-11D3-BF4B-00C04F79EFBC}") = "EntidadesCompartidas", "EntidadesCompartidas\EntidadesCompartidas.csproj", "{5A521AB3-6090-4DE8-8C1B-7393409CF71F}"
EndProject
Project("{FAE04EC0-301F-11D3-BF4B-00C04F79EFBC}") = "ClientesApp", "ClientesApp\ClientesApp.csproj", "{6B952D25-2A1A-464B-B9A3-D11732F3A6D6}"
EndProject
Project("{FAE04EC0-301F-11D3-BF4B-00C04F79EFBC}") = "AdministradoresApp", "AdministradoresApp\AdministradoresApp.csproj", "{F6CFB778-1AD8-45AD-9538-FDE4004BC6A7}"
EndProject
Project("{FAE04EC0-301F-11D3-BF4B-00C04F79EFBC}") = "CadetesApp", "CadetesApp\CadetesApp.csproj", "{82ABC3E2-1BAE-4635-877A-5AAC91E1AE8E}"
EndProject
Project("{FAE04EC0-301F-11D3-BF4B-00C04F79EFBC}") = "LogisticosApp", "LogisticosApp\LogisticosApp.csproj", "{DF6A5068-0085-45F4-BDD9-4C6C60EA2770}"
EndProject
Global
	GlobalSection(SolutionConfigurationPlatforms) = preSolution
		Debug|Any CPU = Debug|Any CPU
		Release|Any CPU = Release|Any CPU
	EndGlobalSection
	GlobalSection(ProjectConfigurationPlatforms) = postSolution
		{08566E05-2CC5-46F4-9CE7-F3D27D26047A}.Debug|Any CPU.ActiveCfg = Debug|Any CPU
		{08566E05-2CC5-46F4-9CE7-F3D27D26047A}.Debug|Any CPU.Build.0 = Debug|Any CPU
		{08566E05-2CC5-46F4-9CE7-F3D27D26047A}.Release|Any CPU.ActiveCfg = Release|Any CPU
		{08566E05-2CC5-46F4-9CE7-F3D27D26047A}.Release|Any CPU.Build.0 = Release|Any CPU
		{6FDA97AE-5ACD-46AE-8948-5693A4D75E92}.Debug|Any CPU.ActiveCfg = Debug|Any CPU
		{6FDA97AE-5ACD-46AE-8948-5693A4D75E92}.Debug|Any CPU.Build.0 = Debug|Any CPU
		{6FDA97AE-5ACD-46AE-8948-5693A4D75E92}.Release|Any CPU.ActiveCfg = Release|Any CPU
		{6FDA97AE-5ACD-46AE-8948-5693A4D75E92}.Release|Any CPU.Build.0 = Release|Any CPU
		{A6CF4DA4-039A-42B9-AB12-A8D0A0D842DE}.Debug|Any CPU.ActiveCfg = Debug|Any CPU
		{A6CF4DA4-039A-42B9-AB12-A8D0A0D842DE}.Debug|Any CPU.Build.0 = Debug|Any CPU
		{A6CF4DA4-039A-42B9-AB12-A8D0A0D842DE}.Release|Any CPU.ActiveCfg = Release|Any CPU
		{A6CF4DA4-039A-42B9-AB12-A8D0A0D842DE}.Release|Any CPU.Build.0 = Release|Any CPU
		{5A521AB3-6090-4DE8-8C1B-7393409CF71F}.Debug|Any CPU.ActiveCfg = Debug|Any CPU
		{5A521AB3-6090-4DE8-8C1B-7393409CF71F}.Debug|Any CPU.Build.0 = Debug|Any CPU
		{5A521AB3-6090-4DE8-8C1B-7393409CF71F}.Release|Any CPU.ActiveCfg = Release|Any CPU
		{5A521AB3-6090-4DE8-8C1B-7393409CF71F}.Release|Any CPU.Build.0 = Release|Any CPU
		{6B952D25-2A1A-464B-B9A3-D11732F3A6D6}.Debug|Any CPU.ActiveCfg = Debug|Any CPU
		{6B952D25-2A1A-464B-B9A3-D11732F3A6D6}.Debug|Any CPU.Build.0 = Debug|Any CPU
		{6B952D25-2A1A-464B-B9A3-D11732F3A6D6}.Release|Any CPU.ActiveCfg = Release|Any CPU
		{6B952D25-2A1A-464B-B9A3-D11732F3A6D6}.Release|Any CPU.Build.0 = Release|Any CPU
		{F6CFB778-1AD8-45AD-9538-FDE4004BC6A7}.Debug|Any CPU.ActiveCfg = Debug|Any CPU
		{F6CFB778-1AD8-45AD-9538-FDE4004BC6A7}.Debug|Any CPU.Build.0 = Debug|Any CPU
		{F6CFB778-1AD8-45AD-9538-FDE4004BC6A7}.Release|Any CPU.ActiveCfg = Release|Any CPU
		{F6CFB778-1AD8-45AD-9538-FDE4004BC6A7}.Release|Any CPU.Build.0 = Release|Any CPU
		{82ABC3E2-1BAE-4635-877A-5AAC91E1AE8E}.Debug|Any CPU.ActiveCfg = Debug|Any CPU
		{82ABC3E2-1BAE-4635-877A-5AAC91E1AE8E}.Debug|Any CPU.Build.0 = Debug|Any CPU
		{82ABC3E2-1BAE-4635-877A-5AAC91E1AE8E}.Debug|Any CPU.Deploy.0 = Debug|Any CPU
		{82ABC3E2-1BAE-4635-877A-5AAC91E1AE8E}.Release|Any CPU.ActiveCfg = Release|Any CPU
		{82ABC3E2-1BAE-4635-877A-5AAC91E1AE8E}.Release|Any CPU.Build.0 = Release|Any CPU
		{82ABC3E2-1BAE-4635-877A-5AAC91E1AE8E}.Release|Any CPU.Deploy.0 = Release|Any CPU
		{DF6A5068-0085-45F4-BDD9-4C6C60EA2770}.Debug|Any CPU.ActiveCfg = Debug|Any CPU
		{DF6A5068-0085-45F4-BDD9-4C6C60EA2770}.Debug|Any CPU.Build.0 = Debug|Any CPU
		{DF6A5068-0085-45F4-BDD9-4C6C60EA2770}.Debug|Any CPU.Deploy.0 = Debug|Any CPU
		{DF6A5068-0085-45F4-BDD9-4C6C60EA2770}.Release|Any CPU.ActiveCfg = Release|Any CPU
		{DF6A5068-0085-45F4-BDD9-4C6C60EA2770}.Release|Any CPU.Build.0 = Release|Any CPU
		{DF6A5068-0085-45F4-BDD9-4C6C60EA2770}.Release|Any CPU.Deploy.0 = Release|Any CPU
	EndGlobalSection
	GlobalSection(SolutionProperties) = preSolution
		HideSolutionNode = FALSE
	EndGlobalSection
	GlobalSection(ExtensibilityGlobals) = postSolution
		SolutionGuid = {2BC2078E-3DA7-4C42-8E89-687781153DB8}
	EndGlobalSection
EndGlobal
